
Microsoft Visual Studio Solution File, Format Version 12.00
# Visual Studio Version 17
VisualStudioVersion = 17.1.32228.430
MinimumVisualStudioVersion = 10.0.40219.1
Project("{9A19103F-16F7-4668-BE54-9A1E7A4F7556}") = "C2022", "C2022\C2022.csproj", "{86A12E0F-7EBC-4C5F-BF8C-B9EA5F00B54F}"
EndProject
Global
	GlobalSection(SolutionConfigurationPlatforms) = preSolution
		Debug|Any CPU = Debug|Any CPU
		Release|Any CPU = Release|Any CPU
	EndGlobalSection
	GlobalSection(ProjectConfigurationPlatforms) = postSolution
		{86A12E0F-7EBC-4C5F-BF8C-B9EA5F00B54F}.Debug|Any CPU.ActiveCfg = Debug|Any CPU
		{86A12E0F-7EBC-4C5F-BF8C-B9EA5F00B54F}.Debug|Any CPU.Build.0 = Debug|Any CPU
		{86A12E0F-7EBC-4C5F-BF8C-B9EA5F00B54F}.Release|Any CPU.ActiveCfg = Release|Any CPU
		{86A12E0F-7EBC-4C5F-BF8C-B9EA5F00B54F}.Release|Any CPU.Build.0 = Release|Any CPU
	EndGlobalSection
	GlobalSection(SolutionProperties) = preSolution
		HideSolutionNode = FALSE
	EndGlobalSection
	GlobalSection(ExtensibilityGlobals) = postSolution
		SolutionGuid = {AEFF2E16-EB2E-4992-82D1-653F5B6EAF8D}
	EndGlobalSection
EndGlobal
